
Microsoft Visual Studio Solution File, Format Version 12.00
# Visual Studio Version 16
VisualStudioVersion = 16.0.29201.188
MinimumVisualStudioVersion = 10.0.40219.1
Project("{FAE04EC0-301F-11D3-BF4B-00C04F79EFBC}") = "Hidden in Pict", "Hidden in Pict\Hidden in Pict.csproj", "{C5419E65-A1AA-452C-9525-D690C4EE3FCA}"
EndProject
Global
	GlobalSection(SolutionConfigurationPlatforms) = preSolution
		Debug|Any CPU = Debug|Any CPU
		Release|Any CPU = Release|Any CPU
	EndGlobalSection
	GlobalSection(ProjectConfigurationPlatforms) = postSolution
		{C5419E65-A1AA-452C-9525-D690C4EE3FCA}.Debug|Any CPU.ActiveCfg = Debug|Any CPU
		{C5419E65-A1AA-452C-9525-D690C4EE3FCA}.Debug|Any CPU.Build.0 = Debug|Any CPU
		{C5419E65-A1AA-452C-9525-D690C4EE3FCA}.Release|Any CPU.ActiveCfg = Release|Any CPU
		{C5419E65-A1AA-452C-9525-D690C4EE3FCA}.Release|Any CPU.Build.0 = Release|Any CPU
	EndGlobalSection
	GlobalSection(SolutionProperties) = preSolution
		HideSolutionNode = FALSE
	EndGlobalSection
	GlobalSection(ExtensibilityGlobals) = postSolution
		SolutionGuid = {E273C863-6FD8-4D13-8519-D94703BA2514}
	EndGlobalSection
EndGlobal
